
Microsoft Visual Studio Solution File, Format Version 12.00
# Visual Studio 14
VisualStudioVersion = 14.0.25420.1
MinimumVisualStudioVersion = 10.0.40219.1
Project("{8BC9CEB8-8B4A-11D0-8D11-00A0C91BC942}") = "ironfist_vs", "..\vcxproj\ironfist\ironfist.vcxproj", "{A9FE2D03-4A23-4595-88C1-BBB1B9217B1A}"
EndProject
Project("{8BC9CEB8-8B4A-11D0-8D11-00A0C91BC942}") = "editor_vs", "..\vcxproj\editor_vs\editor_vs.vcxproj", "{F0415D0D-50FD-433E-9A32-075398C90660}"
EndProject
Global
	GlobalSection(SolutionConfigurationPlatforms) = preSolution
		Debug|Win32 = Debug|Win32
		Release|Win32 = Release|Win32
	EndGlobalSection
	GlobalSection(ProjectConfigurationPlatforms) = postSolution
		{A9FE2D03-4A23-4595-88C1-BBB1B9217B1A}.Debug|Win32.ActiveCfg = Debug|Win32
		{A9FE2D03-4A23-4595-88C1-BBB1B9217B1A}.Debug|Win32.Build.0 = Debug|Win32
		{A9FE2D03-4A23-4595-88C1-BBB1B9217B1A}.Release|Win32.ActiveCfg = Release|Win32
		{A9FE2D03-4A23-4595-88C1-BBB1B9217B1A}.Release|Win32.Build.0 = Release|Win32
		{F0415D0D-50FD-433E-9A32-075398C90660}.Debug|Win32.ActiveCfg = Debug|Win32
		{F0415D0D-50FD-433E-9A32-075398C90660}.Debug|Win32.Build.0 = Debug|Win32
		{F0415D0D-50FD-433E-9A32-075398C90660}.Release|Win32.ActiveCfg = Release|Win32
		{F0415D0D-50FD-433E-9A32-075398C90660}.Release|Win32.Build.0 = Release|Win32
	EndGlobalSection
	GlobalSection(SolutionProperties) = preSolution
		HideSolutionNode = FALSE
	EndGlobalSection
EndGlobal
