<?xml version="1.0" encoding="utf-8"?>
<Project ToolsVersion="4.0" xmlns="http://schemas.microsoft.com/developer/msbuild/2003">
  <ItemGroup>
    <Filter Include="Source Files">
      <UniqueIdentifier>{4FC737F1-C7A5-4376-A066-2A32D752A2FF}</UniqueIdentifier>
      <Extensions>cpp;c;cc;cxx;def;odl;idl;hpj;bat;asm;asmx</Extensions>
    </Filter>
    <Filter Include="Header Files">
      <UniqueIdentifier>{93995380-89BD-4b04-88EB-625FBE52EBFB}</UniqueIdentifier>
      <Extensions>h;hpp;hxx;hm;inl;inc;xsd</Extensions>
    </Filter>
    <Filter Include="Resource Files">
      <UniqueIdentifier>{67DA6AB6-F800-4c08-8B7A-83BB121AAD01}</UniqueIdentifier>
      <Extensions>rc;ico;cur;bmp;dlg;rc2;rct;bin;rgs;gif;jpg;jpeg;jpe;resx;tiff;tif;png;wav;mfcribbon-ms</Extensions>
    </Filter>
    <Filter Include="Assembly Interop">
      <UniqueIdentifier>{15bd9c01-3c14-47a2-b15f-c73b52ec9ada}</UniqueIdentifier>
    </Filter>
    <Filter Include="Source Files\shared">
      <UniqueIdentifier>{dde152b0-a176-4d62-83f6-3df0b83ef69a}</UniqueIdentifier>
    </Filter>
    <Filter Include="Source Files\shared\lib">
      <UniqueIdentifier>{7abefd9c-9a8b-435d-b06e-8b5fb3e62134}</UniqueIdentifier>
    </Filter>
    <Filter Include="Source Files\shared\lib\lua">
      <UniqueIdentifier>{8ae6ea93-f9b9-41a8-9667-04f08f1341a4}</UniqueIdentifier>
    </Filter>
    <Filter Include="Source Files\shared\lib\lua\src">
      <UniqueIdentifier>{ff24652b-b2ee-47fc-aeda-76dccc5bcb8a}</UniqueIdentifier>
    </Filter>
    <Filter Include="Source Files\shared\combat">
      <UniqueIdentifier>{f91afb51-ba7b-48f2-8865-0357a8ff5658}</UniqueIdentifier>
    </Filter>
    <Filter Include="Source Files\shared\gui">
      <UniqueIdentifier>{29f831ea-8430-4428-9171-10b7593499fe}</UniqueIdentifier>
    </Filter>
    <Filter Include="Source Files\shared\resource">
      <UniqueIdentifier>{80307114-6686-4313-bced-0dbb2ca1eabf}</UniqueIdentifier>
    </Filter>
    <Filter Include="Header Files\shared">
      <UniqueIdentifier>{d1e634d8-7871-4295-9c0e-d6091aa85533}</UniqueIdentifier>
    </Filter>
    <Filter Include="Header Files\shared\gui">
      <UniqueIdentifier>{168038a9-bdc6-453f-8023-08d4f797700e}</UniqueIdentifier>
    </Filter>
    <Filter Include="Header Files\shared\combat">
      <UniqueIdentifier>{3a8ddef7-a496-4478-8e1a-55cfeb4d91b7}</UniqueIdentifier>
    </Filter>
    <Filter Include="Header Files\shared\adventure">
      <UniqueIdentifier>{8811d8c0-71f7-4d1e-a283-9723b1669702}</UniqueIdentifier>
    </Filter>
    <Filter Include="Header Files\shared\resource">
      <UniqueIdentifier>{e6d1550a-f022-4531-9911-59eb4bd52daf}</UniqueIdentifier>
    </Filter>
    <Filter Include="Header Files\shared\town">
      <UniqueIdentifier>{f2ac5392-452b-4822-9554-3b54ed578d4b}</UniqueIdentifier>
    </Filter>
    <Filter Include="Header Files\rc">
      <UniqueIdentifier>{a1f257f6-842c-45eb-a850-a80e06e5762d}</UniqueIdentifier>
    </Filter>
    <Filter Include="Header Files\shared\spell">
      <UniqueIdentifier>{ee1c67bf-65fb-411f-9a85-f0b6f1729d63}</UniqueIdentifier>
    </Filter>
    <Filter Include="Source Files\shared\spell">
      <UniqueIdentifier>{392c4a50-5c25-4ceb-929c-1b88817a4d2c}</UniqueIdentifier>
    </Filter>
    <Filter Include="Source Files\shared\town">
      <UniqueIdentifier>{d965efce-eef7-4af4-bd93-b85979ebae44}</UniqueIdentifier>
    </Filter>
    <Filter Include="Source Files\shared\adventure">
      <UniqueIdentifier>{80429edc-65a2-49c2-ab1a-30ea26f2a63a}</UniqueIdentifier>
    </Filter>
    <Filter Include="Source Files\shared\xml">
      <UniqueIdentifier>{f570bb0b-964b-4d9e-a09d-1b34eb47acda}</UniqueIdentifier>
    </Filter>
    <Filter Include="Header Files\shared\xml">
      <UniqueIdentifier>{0750fdf2-3cd1-4606-b097-2299168e847a}</UniqueIdentifier>
    </Filter>
    <Filter Include="Header Files\shared\lib">
      <UniqueIdentifier>{d1e3a2dd-f05c-4af0-94d6-e68d7116dbe8}</UniqueIdentifier>
    </Filter>
    <Filter Include="Header Files\shared\lib\tinyxml2">
      <UniqueIdentifier>{65fe009c-41bf-4580-a6b9-defaf529dc3d}</UniqueIdentifier>
    </Filter>
    <Filter Include="Source Files\shared\lib\tinyxml2">
      <UniqueIdentifier>{9608ffcc-770b-4fde-b57f-d11b3edf13a9}</UniqueIdentifier>
    </Filter>
  </ItemGroup>
  <ItemGroup>
    <ClCompile Include="..\..\cpp\shared\resource\resourceManager.cpp">
      <Filter>Source Files\shared\resource</Filter>
    </ClCompile>
    <ClCompile Include="..\..\cpp\shared\combat\creatures.cpp">
      <Filter>Source Files\shared\combat</Filter>
    </ClCompile>
    <ClCompile Include="..\..\cpp\shared\lib\lua\src\lapi.c">
      <Filter>Source Files\shared\lib\lua\src</Filter>
    </ClCompile>
    <ClCompile Include="..\..\cpp\shared\lib\lua\src\lauxlib.c">
      <Filter>Source Files\shared\lib\lua\src</Filter>
    </ClCompile>
    <ClCompile Include="..\..\cpp\shared\lib\lua\src\lbaselib.c">
      <Filter>Source Files\shared\lib\lua\src</Filter>
    </ClCompile>
    <ClCompile Include="..\..\cpp\shared\lib\lua\src\lbitlib.c">
      <Filter>Source Files\shared\lib\lua\src</Filter>
    </ClCompile>
    <ClCompile Include="..\..\cpp\shared\lib\lua\src\lcode.c">
      <Filter>Source Files\shared\lib\lua\src</Filter>
    </ClCompile>
    <ClCompile Include="..\..\cpp\shared\lib\lua\src\lcorolib.c">
      <Filter>Source Files\shared\lib\lua\src</Filter>
    </ClCompile>
    <ClCompile Include="..\..\cpp\shared\lib\lua\src\lctype.c">
      <Filter>Source Files\shared\lib\lua\src</Filter>
    </ClCompile>
    <ClCompile Include="..\..\cpp\shared\lib\lua\src\ldblib.c">
      <Filter>Source Files\shared\lib\lua\src</Filter>
    </ClCompile>
    <ClCompile Include="..\..\cpp\shared\lib\lua\src\ldebug.c">
      <Filter>Source Files\shared\lib\lua\src</Filter>
    </ClCompile>
    <ClCompile Include="..\..\cpp\shared\lib\lua\src\ldo.c">
      <Filter>Source Files\shared\lib\lua\src</Filter>
    </ClCompile>
    <ClCompile Include="..\..\cpp\shared\lib\lua\src\ldump.c">
      <Filter>Source Files\shared\lib\lua\src</Filter>
    </ClCompile>
    <ClCompile Include="..\..\cpp\shared\lib\lua\src\lfunc.c">
      <Filter>Source Files\shared\lib\lua\src</Filter>
    </ClCompile>
    <ClCompile Include="..\..\cpp\shared\lib\lua\src\lgc.c">
      <Filter>Source Files\shared\lib\lua\src</Filter>
    </ClCompile>
    <ClCompile Include="..\..\cpp\shared\lib\lua\src\linit.c">
      <Filter>Source Files\shared\lib\lua\src</Filter>
    </ClCompile>
    <ClCompile Include="..\..\cpp\shared\lib\lua\src\liolib.c">
      <Filter>Source Files\shared\lib\lua\src</Filter>
    </ClCompile>
    <ClCompile Include="..\..\cpp\shared\lib\lua\src\llex.c">
      <Filter>Source Files\shared\lib\lua\src</Filter>
    </ClCompile>
    <ClCompile Include="..\..\cpp\shared\lib\lua\src\lmathlib.c">
      <Filter>Source Files\shared\lib\lua\src</Filter>
    </ClCompile>
    <ClCompile Include="..\..\cpp\shared\lib\lua\src\lmem.c">
      <Filter>Source Files\shared\lib\lua\src</Filter>
    </ClCompile>
    <ClCompile Include="..\..\cpp\shared\lib\lua\src\loadlib.c">
      <Filter>Source Files\shared\lib\lua\src</Filter>
    </ClCompile>
    <ClCompile Include="..\..\cpp\shared\lib\lua\src\lobject.c">
      <Filter>Source Files\shared\lib\lua\src</Filter>
    </ClCompile>
    <ClCompile Include="..\..\cpp\shared\lib\lua\src\lopcodes.c">
      <Filter>Source Files\shared\lib\lua\src</Filter>
    </ClCompile>
    <ClCompile Include="..\..\cpp\shared\lib\lua\src\loslib.c">
      <Filter>Source Files\shared\lib\lua\src</Filter>
    </ClCompile>
    <ClCompile Include="..\..\cpp\shared\lib\lua\src\lparser.c">
      <Filter>Source Files\shared\lib\lua\src</Filter>
    </ClCompile>
    <ClCompile Include="..\..\cpp\shared\lib\lua\src\lstate.c">
      <Filter>Source Files\shared\lib\lua\src</Filter>
    </ClCompile>
    <ClCompile Include="..\..\cpp\shared\lib\lua\src\lstring.c">
      <Filter>Source Files\shared\lib\lua\src</Filter>
    </ClCompile>
    <ClCompile Include="..\..\cpp\shared\lib\lua\src\lstrlib.c">
      <Filter>Source Files\shared\lib\lua\src</Filter>
    </ClCompile>
    <ClCompile Include="..\..\cpp\shared\lib\lua\src\ltable.c">
      <Filter>Source Files\shared\lib\lua\src</Filter>
    </ClCompile>
    <ClCompile Include="..\..\cpp\shared\lib\lua\src\ltablib.c">
      <Filter>Source Files\shared\lib\lua\src</Filter>
    </ClCompile>
    <ClCompile Include="..\..\cpp\shared\lib\lua\src\ltm.c">
      <Filter>Source Files\shared\lib\lua\src</Filter>
    </ClCompile>
    <ClCompile Include="..\..\cpp\shared\lib\lua\src\lundump.c">
      <Filter>Source Files\shared\lib\lua\src</Filter>
    </ClCompile>
    <ClCompile Include="..\..\cpp\shared\lib\lua\src\lvm.c">
      <Filter>Source Files\shared\lib\lua\src</Filter>
    </ClCompile>
    <ClCompile Include="..\..\cpp\shared\lib\lua\src\lzio.c">
      <Filter>Source Files\shared\lib\lua\src</Filter>
    </ClCompile>
    <ClCompile Include="..\..\cpp\shared\gui\dialog.cpp">
      <Filter>Source Files\shared\gui</Filter>
    </ClCompile>
    <ClCompile Include="..\..\cpp\shared\gui\msg.cpp">
      <Filter>Source Files\shared\gui</Filter>
    </ClCompile>
    <ClCompile Include="..\..\cpp\shared\lib\lua\src\lua.c">
      <Filter>Source Files\shared\lib\lua\src</Filter>
    </ClCompile>
    <ClCompile Include="..\..\cpp\shared\lib\lua\src\lutf8lib.c">
      <Filter>Source Files\shared\lib\lua\src</Filter>
    </ClCompile>
    <ClCompile Include="..\..\cpp\editor\editor.cpp">
      <Filter>Source Files</Filter>
    </ClCompile>
    <ClCompile Include="..\..\cpp\editor\events.cpp">
      <Filter>Source Files</Filter>
    </ClCompile>
    <ClCompile Include="..\..\cpp\editor\map_state.cpp">
      <Filter>Source Files</Filter>
    </ClCompile>
    <ClCompile Include="..\..\cpp\editor\overlay.cpp">
      <Filter>Source Files</Filter>
    </ClCompile>
    <ClCompile Include="..\..\cpp\shared\artifacts.cpp">
      <Filter>Source Files\shared</Filter>
    </ClCompile>
    <ClCompile Include="..\..\cpp\shared\compat.cpp">
      <Filter>Source Files\shared</Filter>
    </ClCompile>
    <ClCompile Include="..\..\cpp\shared\driver.cpp">
      <Filter>Source Files\shared</Filter>
    </ClCompile>
    <ClCompile Include="..\..\cpp\editor\init.cpp">
      <Filter>Source Files</Filter>
    </ClCompile>
    <ClCompile Include="..\..\cpp\shared\spell\spell_constants.cpp">
      <Filter>Source Files\shared\spell</Filter>
    </ClCompile>
    <ClCompile Include="..\..\cpp\editor\hero_edit.cpp">
      <Filter>Source Files</Filter>
    </ClCompile>
    <ClCompile Include="..\..\cpp\shared\town\buildings.cpp">
      <Filter>Source Files\shared\town</Filter>
    </ClCompile>
    <ClCompile Include="..\..\cpp\shared\town\town_globals.cpp">
      <Filter>Source Files\shared\town</Filter>
    </ClCompile>
    <ClCompile Include="..\..\cpp\shared\adventure\hero_globals.cpp">
      <Filter>Source Files\shared\adventure</Filter>
    </ClCompile>
    <ClCompile Include="..\..\cpp\shared\lib\tinyxml2\tinyxml2.cpp">
      <Filter>Source Files\shared\lib\tinyxml2</Filter>
    </ClCompile>
    <ClCompile Include="..\..\cpp\shared\xml\utils_xml.cpp">
      <Filter>Source Files\shared\xml</Filter>
    </ClCompile>
    <ClCompile Include="..\..\cpp\editor\overlay_xml.cpp">
      <Filter>Source Files</Filter>
    </ClCompile>
    <ClCompile Include="..\..\cpp\shared\xml\creature_xml.cpp">
      <Filter>Source Files\shared\xml</Filter>
    </ClCompile>
    <ClCompile Include="..\..\cpp\shared\xml\artifact_xml.cpp">
      <Filter>Source Files\shared\xml</Filter>
    </ClCompile>
    <ClCompile Include="..\..\cpp\shared\adventure\adv_globals.cpp">
      <Filter>Source Files\shared\adventure</Filter>
    </ClCompile>
  </ItemGroup>
  <ItemGroup>
    <None Include="..\..\asm\editor_imports.inc">
      <Filter>Assembly Interop</Filter>
    </None>
    <None Include="..\..\..\assets\windows\ironfist.ico">
      <Filter>Resource Files</Filter>
    </None>
    <None Include="..\..\..\assets\windows\ironfist.png">
      <Filter>Resource Files</Filter>
    </None>
  </ItemGroup>
  <ItemGroup>
    <ClInclude Include="..\..\cpp\shared\resource\resources.h">
      <Filter>Header Files\shared\resource</Filter>
    </ClInclude>
    <ClInclude Include="..\..\cpp\shared\resource\resourceManager.h">
      <Filter>Header Files\shared\resource</Filter>
    </ClInclude>
    <ClInclude Include="..\..\cpp\shared\combat\creatures.h">
      <Filter>Header Files\shared\combat</Filter>
    </ClInclude>
    <ClInclude Include="..\..\cpp\shared\adventure\adv.h">
      <Filter>Header Files\shared\adventure</Filter>
    </ClInclude>
    <ClInclude Include="..\..\cpp\shared\lib\lua\src\lapi.h">
      <Filter>Source Files\shared\lib\lua\src</Filter>
    </ClInclude>
    <ClInclude Include="..\..\cpp\shared\lib\lua\src\lauxlib.h">
      <Filter>Source Files\shared\lib\lua\src</Filter>
    </ClInclude>
    <ClInclude Include="..\..\cpp\shared\lib\lua\src\lcode.h">
      <Filter>Source Files\shared\lib\lua\src</Filter>
    </ClInclude>
    <ClInclude Include="..\..\cpp\shared\lib\lua\src\lctype.h">
      <Filter>Source Files\shared\lib\lua\src</Filter>
    </ClInclude>
    <ClInclude Include="..\..\cpp\shared\lib\lua\src\ldebug.h">
      <Filter>Source Files\shared\lib\lua\src</Filter>
    </ClInclude>
    <ClInclude Include="..\..\cpp\shared\lib\lua\src\ldo.h">
      <Filter>Source Files\shared\lib\lua\src</Filter>
    </ClInclude>
    <ClInclude Include="..\..\cpp\shared\lib\lua\src\lfunc.h">
      <Filter>Source Files\shared\lib\lua\src</Filter>
    </ClInclude>
    <ClInclude Include="..\..\cpp\shared\lib\lua\src\lgc.h">
      <Filter>Source Files\shared\lib\lua\src</Filter>
    </ClInclude>
    <ClInclude Include="..\..\cpp\shared\lib\lua\src\llex.h">
      <Filter>Source Files\shared\lib\lua\src</Filter>
    </ClInclude>
    <ClInclude Include="..\..\cpp\shared\lib\lua\src\llimits.h">
      <Filter>Source Files\shared\lib\lua\src</Filter>
    </ClInclude>
    <ClInclude Include="..\..\cpp\shared\lib\lua\src\lmem.h">
      <Filter>Source Files\shared\lib\lua\src</Filter>
    </ClInclude>
    <ClInclude Include="..\..\cpp\shared\lib\lua\src\lobject.h">
      <Filter>Source Files\shared\lib\lua\src</Filter>
    </ClInclude>
    <ClInclude Include="..\..\cpp\shared\lib\lua\src\lopcodes.h">
      <Filter>Source Files\shared\lib\lua\src</Filter>
    </ClInclude>
    <ClInclude Include="..\..\cpp\shared\lib\lua\src\lparser.h">
      <Filter>Source Files\shared\lib\lua\src</Filter>
    </ClInclude>
    <ClInclude Include="..\..\cpp\shared\lib\lua\src\lstate.h">
      <Filter>Source Files\shared\lib\lua\src</Filter>
    </ClInclude>
    <ClInclude Include="..\..\cpp\shared\lib\lua\src\lstring.h">
      <Filter>Source Files\shared\lib\lua\src</Filter>
    </ClInclude>
    <ClInclude Include="..\..\cpp\shared\lib\lua\src\ltable.h">
      <Filter>Source Files\shared\lib\lua\src</Filter>
    </ClInclude>
    <ClInclude Include="..\..\cpp\shared\lib\lua\src\ltm.h">
      <Filter>Source Files\shared\lib\lua\src</Filter>
    </ClInclude>
    <ClInclude Include="..\..\cpp\shared\lib\lua\src\lua.h">
      <Filter>Source Files\shared\lib\lua\src</Filter>
    </ClInclude>
    <ClInclude Include="..\..\cpp\shared\lib\lua\src\lua.hpp">
      <Filter>Source Files\shared\lib\lua\src</Filter>
    </ClInclude>
    <ClInclude Include="..\..\cpp\shared\lib\lua\src\luaconf.h">
      <Filter>Source Files\shared\lib\lua\src</Filter>
    </ClInclude>
    <ClInclude Include="..\..\cpp\shared\lib\lua\src\lualib.h">
      <Filter>Source Files\shared\lib\lua\src</Filter>
    </ClInclude>
    <ClInclude Include="..\..\cpp\shared\lib\lua\src\lundump.h">
      <Filter>Source Files\shared\lib\lua\src</Filter>
    </ClInclude>
    <ClInclude Include="..\..\cpp\shared\lib\lua\src\lvm.h">
      <Filter>Source Files\shared\lib\lua\src</Filter>
    </ClInclude>
    <ClInclude Include="..\..\cpp\shared\lib\lua\src\lzio.h">
      <Filter>Source Files\shared\lib\lua\src</Filter>
    </ClInclude>
    <ClInclude Include="..\..\cpp\shared\adventure\army.h">
      <Filter>Header Files\shared\adventure</Filter>
    </ClInclude>
    <ClInclude Include="..\..\cpp\shared\gui\dialog.h">
      <Filter>Header Files\shared\gui</Filter>
    </ClInclude>
    <ClInclude Include="..\..\cpp\shared\gui\gui.h">
      <Filter>Header Files\shared\gui</Filter>
    </ClInclude>
    <ClInclude Include="..\..\cpp\shared\town\town.h">
      <Filter>Header Files\shared\town</Filter>
    </ClInclude>
    <ClInclude Include="..\..\cpp\shared\adventure\map.h">
      <Filter>Header Files\shared\adventure</Filter>
    </ClInclude>
    <ClInclude Include="..\..\cpp\shared\lib\lua\src\lprefix.h">
      <Filter>Source Files\shared\lib\lua\src</Filter>
    </ClInclude>
    <ClInclude Include="..\..\cpp\shared\msg.h">
      <Filter>Header Files\shared</Filter>
    </ClInclude>
    <ClInclude Include="..\..\cpp\shared\artifacts.h">
      <Filter>Header Files\shared</Filter>
    </ClInclude>
    <ClInclude Include="..\..\cpp\shared\base.h">
      <Filter>Header Files\shared</Filter>
    </ClInclude>
    <ClInclude Include="..\..\cpp\shared\driver.h">
      <Filter>Header Files\shared</Filter>
    </ClInclude>
    <ClInclude Include="..\..\cpp\shared\manager.h">
      <Filter>Header Files\shared</Filter>
    </ClInclude>
    <ClInclude Include="..\..\cpp\editor\editor.h">
      <Filter>Header Files</Filter>
    </ClInclude>
    <ClInclude Include="..\..\cpp\editor\events.h">
      <Filter>Header Files</Filter>
    </ClInclude>
    <ClInclude Include="..\..\cpp\editor\overlay.h">
      <Filter>Header Files</Filter>
    </ClInclude>
    <ClInclude Include="..\..\rc\editor\resource.h">
      <Filter>Header Files\rc</Filter>
    </ClInclude>
    <ClInclude Include="..\..\cpp\shared\spell\spell_constants.h">
      <Filter>Header Files\shared\spell</Filter>
    </ClInclude>
    <ClInclude Include="..\..\cpp\shared\gui\msg.h">
      <Filter>Header Files\shared\gui</Filter>
    </ClInclude>
    <ClInclude Include="..\..\cpp\editor\hero_edit.h">
      <Filter>Header Files</Filter>
    </ClInclude>
    <ClInclude Include="..\..\cpp\shared\town\buildings.h">
      <Filter>Header Files\shared\town</Filter>
    </ClInclude>
    <ClInclude Include="..\..\cpp\shared\town\town_globals.h">
      <Filter>Header Files\shared\town</Filter>
    </ClInclude>
    <ClInclude Include="..\..\cpp\shared\adventure\hero_globals.h">
      <Filter>Header Files\shared\adventure</Filter>
    </ClInclude>
    <ClInclude Include="..\..\cpp\editor\overlay_xml.h">
      <Filter>Header Files</Filter>
    </ClInclude>
    <ClInclude Include="..\..\cpp\shared\xml\utils_xml.h">
      <Filter>Header Files\shared\xml</Filter>
    </ClInclude>
    <ClInclude Include="..\..\cpp\shared\lib\tinyxml2\tinyxml2.h">
      <Filter>Header Files\shared\lib\tinyxml2</Filter>
    </ClInclude>
    <ClInclude Include="..\..\cpp\shared\xml\creature_xml.h">
      <Filter>Header Files\shared\xml</Filter>
    </ClInclude>
    <ClInclude Include="..\..\cpp\shared\xml\artifact_xml.h">
      <Filter>Header Files\shared\xml</Filter>
    </ClInclude>
    <ClInclude Include="..\..\cpp\shared\adventure\adv_globals.h">
      <Filter>Header Files\shared\adventure</Filter>
    </ClInclude>
  </ItemGroup>
  <ItemGroup>
    <CustomBuild Include="..\..\asm\editor.asm">
      <Filter>Assembly Interop</Filter>
    </CustomBuild>
  </ItemGroup>
  <ItemGroup>
    <ResourceCompile Include="..\..\rc\editor\edittown.rc">
      <Filter>Resource Files</Filter>
    </ResourceCompile>
  </ItemGroup>
</Project>